
Microsoft Visual Studio Solution File, Format Version 12.00
# Visual Studio Version 17
VisualStudioVersion = 17.5.002.0
MinimumVisualStudioVersion = 10.0.40219.1
Project("{9A19103F-16F7-4668-BE54-9A1E7A4F7556}") = "C Sharp aplicando a Orientção a Objetos", "C Sharp aplicando a Orientção a Objetos.csproj", "{C1BF3875-3BA1-4F1F-B009-AC2E1294DABF}"
EndProject
Global
	GlobalSection(SolutionConfigurationPlatforms) = preSolution
		Debug|Any CPU = Debug|Any CPU
		Release|Any CPU = Release|Any CPU
	EndGlobalSection
	GlobalSection(ProjectConfigurationPlatforms) = postSolution
		{C1BF3875-3BA1-4F1F-B009-AC2E1294DABF}.Debug|Any CPU.ActiveCfg = Debug|Any CPU
		{C1BF3875-3BA1-4F1F-B009-AC2E1294DABF}.Debug|Any CPU.Build.0 = Debug|Any CPU
		{C1BF3875-3BA1-4F1F-B009-AC2E1294DABF}.Release|Any CPU.ActiveCfg = Release|Any CPU
		{C1BF3875-3BA1-4F1F-B009-AC2E1294DABF}.Release|Any CPU.Build.0 = Release|Any CPU
	EndGlobalSection
	GlobalSection(SolutionProperties) = preSolution
		HideSolutionNode = FALSE
	EndGlobalSection
	GlobalSection(ExtensibilityGlobals) = postSolution
		SolutionGuid = {2D6D5797-EBDB-4F47-8648-CB7F53613990}
	EndGlobalSection
EndGlobal
